
Microsoft Visual Studio Solution File, Format Version 11.00
# Visual Studio 2010
Project("{FAE04EC0-301F-11D3-BF4B-00C04F79EFBC}") = "Минное поле", "Assembly-CSharp.csproj", "{484D26DF-A393-3C11-A878-D593044551CA}"
EndProject
Project("{FAE04EC0-301F-11D3-BF4B-00C04F79EFBC}") = "Минное поле", "Assembly-CSharp-firstpass.csproj", "{934AB019-311F-B8BD-D569-85269EDFB529}"
EndProject
Project("{FAE04EC0-301F-11D3-BF4B-00C04F79EFBC}") = "Минное поле", "Assembly-CSharp-Editor-firstpass.csproj", "{C7BC594A-7C59-D92C-7063-3066B6ABDC9B}"
EndProject
Global
	GlobalSection(SolutionConfigurationPlatforms) = preSolution
		Debug|Any CPU = Debug|Any CPU
		Release|Any CPU = Release|Any CPU
	EndGlobalSection
	GlobalSection(ProjectConfigurationPlatforms) = postSolution
		{484D26DF-A393-3C11-A878-D593044551CA}.Debug|Any CPU.ActiveCfg = Debug|Any CPU
		{484D26DF-A393-3C11-A878-D593044551CA}.Debug|Any CPU.Build.0 = Debug|Any CPU
		{484D26DF-A393-3C11-A878-D593044551CA}.Release|Any CPU.ActiveCfg = Release|Any CPU
		{484D26DF-A393-3C11-A878-D593044551CA}.Release|Any CPU.Build.0 = Release|Any CPU
		{934AB019-311F-B8BD-D569-85269EDFB529}.Debug|Any CPU.ActiveCfg = Debug|Any CPU
		{934AB019-311F-B8BD-D569-85269EDFB529}.Debug|Any CPU.Build.0 = Debug|Any CPU
		{934AB019-311F-B8BD-D569-85269EDFB529}.Release|Any CPU.ActiveCfg = Release|Any CPU
		{934AB019-311F-B8BD-D569-85269EDFB529}.Release|Any CPU.Build.0 = Release|Any CPU
		{C7BC594A-7C59-D92C-7063-3066B6ABDC9B}.Debug|Any CPU.ActiveCfg = Debug|Any CPU
		{C7BC594A-7C59-D92C-7063-3066B6ABDC9B}.Debug|Any CPU.Build.0 = Debug|Any CPU
		{C7BC594A-7C59-D92C-7063-3066B6ABDC9B}.Release|Any CPU.ActiveCfg = Release|Any CPU
		{C7BC594A-7C59-D92C-7063-3066B6ABDC9B}.Release|Any CPU.Build.0 = Release|Any CPU
	EndGlobalSection
	GlobalSection(SolutionProperties) = preSolution
		HideSolutionNode = FALSE
	EndGlobalSection
	GlobalSection(MonoDevelopProperties) = preSolution
		StartupItem = Assembly-CSharp.csproj
	EndGlobalSection
EndGlobal
