
Microsoft Visual Studio Solution File, Format Version 12.00
# Visual Studio 15
VisualStudioVersion = 15.0.26730.15
MinimumVisualStudioVersion = 10.0.40219.1
Project("{FAE04EC0-301F-11D3-BF4B-00C04F79EFBC}") = "Массив с рандомным ростом", "Массив с рандомным ростом\Массив с рандомным ростом.csproj", "{EB0331BE-888E-4C4B-80F7-028F106213E9}"
EndProject
Global
	GlobalSection(SolutionConfigurationPlatforms) = preSolution
		Debug|Any CPU = Debug|Any CPU
		Release|Any CPU = Release|Any CPU
	EndGlobalSection
	GlobalSection(ProjectConfigurationPlatforms) = postSolution
		{EB0331BE-888E-4C4B-80F7-028F106213E9}.Debug|Any CPU.ActiveCfg = Debug|Any CPU
		{EB0331BE-888E-4C4B-80F7-028F106213E9}.Debug|Any CPU.Build.0 = Debug|Any CPU
		{EB0331BE-888E-4C4B-80F7-028F106213E9}.Release|Any CPU.ActiveCfg = Release|Any CPU
		{EB0331BE-888E-4C4B-80F7-028F106213E9}.Release|Any CPU.Build.0 = Release|Any CPU
	EndGlobalSection
	GlobalSection(SolutionProperties) = preSolution
		HideSolutionNode = FALSE
	EndGlobalSection
	GlobalSection(ExtensibilityGlobals) = postSolution
		SolutionGuid = {19E5FE5F-5E3F-44F2-9403-2587969DD8B0}
	EndGlobalSection
EndGlobal
