
Microsoft Visual Studio Solution File, Format Version 12.00
# Visual Studio 15
VisualStudioVersion = 15.0.26730.15
MinimumVisualStudioVersion = 10.0.40219.1
Project("{FAE04EC0-301F-11D3-BF4B-00C04F79EFBC}") = "Числа кратные 3", "Числа кратные 3\Числа кратные 3.csproj", "{29E26EF8-BED6-4587-84B2-BE1DCF337BAA}"
EndProject
Global
	GlobalSection(SolutionConfigurationPlatforms) = preSolution
		Debug|Any CPU = Debug|Any CPU
		Release|Any CPU = Release|Any CPU
	EndGlobalSection
	GlobalSection(ProjectConfigurationPlatforms) = postSolution
		{29E26EF8-BED6-4587-84B2-BE1DCF337BAA}.Debug|Any CPU.ActiveCfg = Debug|Any CPU
		{29E26EF8-BED6-4587-84B2-BE1DCF337BAA}.Debug|Any CPU.Build.0 = Debug|Any CPU
		{29E26EF8-BED6-4587-84B2-BE1DCF337BAA}.Release|Any CPU.ActiveCfg = Release|Any CPU
		{29E26EF8-BED6-4587-84B2-BE1DCF337BAA}.Release|Any CPU.Build.0 = Release|Any CPU
	EndGlobalSection
	GlobalSection(SolutionProperties) = preSolution
		HideSolutionNode = FALSE
	EndGlobalSection
	GlobalSection(ExtensibilityGlobals) = postSolution
		SolutionGuid = {4A544CDF-B3EB-41B3-AF4A-9AC6554F5835}
	EndGlobalSection
EndGlobal
