
Microsoft Visual Studio Solution File, Format Version 12.00
# Visual Studio 15
VisualStudioVersion = 15.0.26730.15
MinimumVisualStudioVersion = 10.0.40219.1
Project("{FAE04EC0-301F-11D3-BF4B-00C04F79EFBC}") = "Изменение элементов в массиве", "Изменение элементов в массиве\Изменение элементов в массиве.csproj", "{384E41B7-E4C2-4B00-B9C1-389FB0D9D54C}"
EndProject
Global
	GlobalSection(SolutionConfigurationPlatforms) = preSolution
		Debug|Any CPU = Debug|Any CPU
		Release|Any CPU = Release|Any CPU
	EndGlobalSection
	GlobalSection(ProjectConfigurationPlatforms) = postSolution
		{384E41B7-E4C2-4B00-B9C1-389FB0D9D54C}.Debug|Any CPU.ActiveCfg = Debug|Any CPU
		{384E41B7-E4C2-4B00-B9C1-389FB0D9D54C}.Debug|Any CPU.Build.0 = Debug|Any CPU
		{384E41B7-E4C2-4B00-B9C1-389FB0D9D54C}.Release|Any CPU.ActiveCfg = Release|Any CPU
		{384E41B7-E4C2-4B00-B9C1-389FB0D9D54C}.Release|Any CPU.Build.0 = Release|Any CPU
	EndGlobalSection
	GlobalSection(SolutionProperties) = preSolution
		HideSolutionNode = FALSE
	EndGlobalSection
	GlobalSection(ExtensibilityGlobals) = postSolution
		SolutionGuid = {A5882C9C-4EDB-4C83-BE32-AA762E38176D}
	EndGlobalSection
EndGlobal
